{
    "_readme": [
        "This file locks the dependencies of your project to a known state",
        "Read more about it at http://getcomposer.org/doc/01-basic-usage.md#composer-lock-the-lock-file",
        "This file is @generated automatically"
    ],
    "hash": "0eb7c008bed02ed7076078614f1ca2c1",
    "packages": [
        {
            "name": "container-interop/container-interop",
            "version": "1.1.0",
            "source": {
                "type": "git",
                "url": "https://github.com/container-interop/container-interop.git",
                "reference": "fc08354828f8fd3245f77a66b9e23a6bca48297e"
            },
            "dist": {
                "type": "zip",
                "url": "https://api.github.com/repos/container-interop/container-interop/zipball/fc08354828f8fd3245f77a66b9e23a6bca48297e",
                "reference": "fc08354828f8fd3245f77a66b9e23a6bca48297e",
                "shasum": ""
            },
            "type": "library",
            "autoload": {
                "psr-4": {
                    "Interop\\Container\\": "src/Interop/Container/"
                }
            },
            "notification-url": "https://packagist.org/downloads/",
            "license": [
                "MIT"
            ],
            "description": "Promoting the interoperability of container objects (DIC, SL, etc.)",
            "time": "2014-12-30 15:22:37"
        },
        {
            "name": "panique/pdo-debug",
            "version": "0.1",
            "source": {
                "type": "git",
                "url": "https://github.com/panique/pdo-debug.git",
                "reference": "fbf360cfe21fce006f0bee58ce8c50035dc3dd3a"
            },
            "dist": {
                "type": "zip",
                "url": "https://api.github.com/repos/panique/pdo-debug/zipball/fbf360cfe21fce006f0bee58ce8c50035dc3dd3a",
                "reference": "fbf360cfe21fce006f0bee58ce8c50035dc3dd3a",
                "shasum": ""
            },
            "type": "library",
            "autoload": {
                "files": [
                    "pdo-debug.php"
                ]
            },
            "notification-url": "https://packagist.org/downloads/",
            "license": [
                "MIT"
            ],
            "authors": [
                {
                    "name": "Panique",
                    "homepage": "http://careers.stackoverflow.com/panique",
                    "role": "Developer"
                }
            ],
            "description": "A super-simple function that returns the full SQL query from your PDO statements",
            "homepage": "https://github.com/panique/pdo-debug",
            "keywords": [
                "debug",
                "debugger",
                "log",
                "logger",
                "pdo",
                "sql"
            ],
            "time": "2014-09-08 18:15:46"
        },
        {
            "name": "psr/log",
            "version": "1.0.0",
            "source": {
                "type": "git",
                "url": "https://github.com/php-fig/log.git",
                "reference": "fe0936ee26643249e916849d48e3a51d5f5e278b"
            },
            "dist": {
                "type": "zip",
                "url": "https://api.github.com/repos/php-fig/log/zipball/fe0936ee26643249e916849d48e3a51d5f5e278b",
                "reference": "fe0936ee26643249e916849d48e3a51d5f5e278b",
                "shasum": ""
            },
            "type": "library",
            "autoload": {
                "psr-0": {
                    "Psr\\Log\\": ""
                }
            },
            "notification-url": "https://packagist.org/downloads/",
            "license": [
                "MIT"
            ],
            "authors": [
                {
                    "name": "PHP-FIG",
                    "homepage": "http://www.php-fig.org/"
                }
            ],
            "description": "Common interface for logging libraries",
            "keywords": [
                "log",
                "psr",
                "psr-3"
            ],
            "time": "2012-12-21 11:40:51"
        },
        {
            "name": "slim/slim",
            "version": "2.6.2",
            "source": {
                "type": "git",
                "url": "https://github.com/slimphp/Slim.git",
                "reference": "20a02782f76830b67ae56a5c08eb1f563c351a37"
            },
            "dist": {
                "type": "zip",
                "url": "https://api.github.com/repos/slimphp/Slim/zipball/20a02782f76830b67ae56a5c08eb1f563c351a37",
                "reference": "20a02782f76830b67ae56a5c08eb1f563c351a37",
                "shasum": ""
            },
            "require": {
                "php": ">=5.3.0"
            },
            "suggest": {
                "ext-mcrypt": "Required for HTTP cookie encryption"
            },
            "type": "library",
            "autoload": {
                "psr-0": {
                    "Slim": "."
                }
            },
            "notification-url": "https://packagist.org/downloads/",
            "license": [
                "MIT"
            ],
            "authors": [
                {
                    "name": "Josh Lockhart",
                    "email": "info@joshlockhart.com",
                    "homepage": "http://www.joshlockhart.com/"
                }
            ],
            "description": "Slim Framework, a PHP micro framework",
            "homepage": "http://github.com/codeguy/Slim",
            "keywords": [
                "microframework",
                "rest",
                "router"
            ],
            "time": "2015-03-08 18:41:17"
        },
        {
            "name": "videlalvaro/php-amqplib",
            "version": "v2.2.6",
            "source": {
                "type": "git",
                "url": "https://github.com/videlalvaro/php-amqplib.git",
                "reference": "6ef2ca9a45bb9fb20872f824f4c7c1518315bd3f"
            },
            "dist": {
                "type": "zip",
                "url": "https://api.github.com/repos/videlalvaro/php-amqplib/zipball/6ef2ca9a45bb9fb20872f824f4c7c1518315bd3f",
                "reference": "6ef2ca9a45bb9fb20872f824f4c7c1518315bd3f",
                "shasum": ""
            },
            "require": {
                "ext-bcmath": "*",
                "php": ">=5.3.0"
            },
            "require-dev": {
                "phpunit/phpunit": "3.7.*"
            },
            "type": "library",
            "autoload": {
                "psr-0": {
                    "PhpAmqpLib": ""
                }
            },
            "notification-url": "https://packagist.org/downloads/",
            "license": [
                "LGPL-2.1"
            ],
            "authors": [
                {
                    "name": "Alvaro Videla"
                }
            ],
            "description": "This library is a pure PHP implementation of the AMQP protocol. It's been tested against RabbitMQ.",
            "homepage": "https://github.com/videlalvaro/php-amqplib/",
            "keywords": [
                "message",
                "queue",
                "rabbitmq"
            ],
            "time": "2013-12-22 12:49:53"
        },
        {
            "name": "zendframework/zend-cache",
            "version": "2.5.3",
            "source": {
                "type": "git",
                "url": "https://github.com/zendframework/zend-cache.git",
                "reference": "13b0c731e03c023531bbd9f540ea89a54d526e01"
            },
            "dist": {
                "type": "zip",
                "url": "https://packages.zendframework.com/composer/zendframework-zend-cache-2.5.3-40961d.zip",
                "reference": "13b0c731e03c023531bbd9f540ea89a54d526e01",
                "shasum": "1f6982ac5a6a8ee3af43acd6c19329b662f1b824"
            },
            "require": {
                "php": ">=5.5",
                "zendframework/zend-eventmanager": "~2.5",
                "zendframework/zend-servicemanager": "~2.5",
                "zendframework/zend-stdlib": "~2.5"
            },
            "require-dev": {
                "fabpot/php-cs-fixer": "1.7.*",
                "phpunit/phpunit": "~4.0",
                "zendframework/zend-serializer": "~2.5",
                "zendframework/zend-session": "~2.5"
            },
            "suggest": {
                "ext-apcu": "APCU, to use the APC storage adapter",
                "ext-dba": "DBA, to use the DBA storage adapter",
                "ext-memcache": "Memcache >= 2.0.0 to use the Memcache storage adapter",
                "ext-memcached": "Memcached >= 1.0.0 to use the Memcached storage adapter",
                "ext-mongo": "Mongo, to use MongoDb storage adapter",
                "ext-redis": "Redis, to use Redis storage adapter",
                "ext-wincache": "WinCache, to use the WinCache storage adapter",
                "ext-xcache": "XCache, to use the XCache storage adapter",
                "mongofill/mongofill": "Alternative to ext-mongo - a pure PHP implementation designed as a drop in replacement",
                "zendframework/zend-serializer": "Zend\\Serializer component",
                "zendframework/zend-session": "Zend\\Session component"
            },
            "type": "library",
            "extra": {
                "branch-alias": {
                    "dev-master": "2.5-dev",
                    "dev-develop": "2.6-dev"
                }
            },
            "autoload": {
                "psr-4": {
                    "Zend\\Cache\\": "src/"
                }
            },
            "autoload-dev": {
                "psr-4": {
                    "ZendTest\\Cache\\": "test/"
                }
            },
            "license": [
                "BSD-3-Clause"
            ],
            "description": "provides a generic way to cache any data",
            "homepage": "https://github.com/zendframework/zend-cache",
            "keywords": [
                "cache",
                "zf2"
            ],
            "time": "2015-09-15 16:09:09"
        },
        {
            "name": "zendframework/zend-config",
            "version": "2.5.1",
            "source": {
                "type": "git",
                "url": "https://github.com/zendframework/zend-config.git",
                "reference": "947675ce4d2853736de649fd8e6b4886d7eaa2bd"
            },
            "dist": {
                "type": "zip",
                "url": "https://packages.zendframework.com/composer/zendframework-zend-config-2.5.1-002e3e.zip",
                "reference": "947675ce4d2853736de649fd8e6b4886d7eaa2bd",
                "shasum": "28ad9a730729e01f3e559ac82606f843519412c0"
            },
            "require": {
                "php": ">=5.3.23",
                "zendframework/zend-stdlib": "~2.5"
            },
            "require-dev": {
                "fabpot/php-cs-fixer": "1.7.*",
                "phpunit/phpunit": "~4.0",
                "zendframework/zend-filter": "~2.5",
                "zendframework/zend-i18n": "~2.5",
                "zendframework/zend-json": "~2.5",
                "zendframework/zend-mvc": "~2.5",
                "zendframework/zend-servicemanager": "~2.5"
            },
            "suggest": {
                "zendframework/zend-filter": "Zend\\Filter component",
                "zendframework/zend-i18n": "Zend\\I18n component",
                "zendframework/zend-json": "Zend\\Json to use the Json reader or writer classes",
                "zendframework/zend-servicemanager": "Zend\\ServiceManager for use with the Config Factory to retrieve reader and writer instances"
            },
            "type": "library",
            "extra": {
                "branch-alias": {
                    "dev-master": "2.5-dev",
                    "dev-develop": "2.6-dev"
                }
            },
            "autoload": {
                "psr-4": {
                    "Zend\\Config\\": "src/"
                }
            },
            "autoload-dev": {
                "psr-4": {
                    "ZendTest\\Config\\": "test/"
                }
            },
            "license": [
                "BSD-3-Clause"
            ],
            "description": "provides a nested object property based user interface for accessing this configuration data within application code",
            "homepage": "https://github.com/zendframework/zend-config",
            "keywords": [
                "config",
                "zf2"
            ],
            "time": "2015-06-03 15:32:00"
        },
        {
            "name": "zendframework/zend-db",
            "version": "2.6.1",
            "source": {
                "type": "git",
                "url": "https://github.com/zendframework/zend-db.git",
                "reference": "d76677d0df36a69923837c61eec5a590998fcae7"
            },
            "dist": {
                "type": "zip",
                "url": "https://packages.zendframework.com/composer/zendframework-zend-db-2.6.1-14bfc6.zip",
                "reference": "d76677d0df36a69923837c61eec5a590998fcae7",
                "shasum": "e3777783268a080430e36e8f517505edf1c0e2f7"
            },
            "require": {
                "php": ">=5.5",
                "zendframework/zend-stdlib": "~2.7"
            },
            "require-dev": {
                "fabpot/php-cs-fixer": "1.7.*",
                "phpunit/phpunit": "~4.0",
                "zendframework/zend-eventmanager": "~2.5",
                "zendframework/zend-hydrator": "~1.0",
                "zendframework/zend-mvc": "~2.5",
                "zendframework/zend-servicemanager": "~2.5"
            },
            "suggest": {
                "zendframework/zend-eventmanager": "Zend\\EventManager component",
                "zendframework/zend-hydrator": "Zend\\Hydrator component for using HydratingResultSets",
                "zendframework/zend-servicemanager": "Zend\\ServiceManager component"
            },
            "type": "library",
            "extra": {
                "branch-alias": {
                    "dev-master": "2.6-dev",
                    "dev-develop": "2.7-dev"
                }
            },
            "autoload": {
                "psr-4": {
                    "Zend\\Db\\": "src/"
                }
            },
            "autoload-dev": {
                "psr-4": {
                    "ZendTest\\Db\\": "test/"
                }
            },
            "license": [
                "BSD-3-Clause"
            ],
            "description": " ",
            "homepage": "https://github.com/zendframework/zend-db",
            "keywords": [
                "db",
                "zf2"
            ],
            "time": "2015-10-14 20:26:01"
        },
        {
            "name": "zendframework/zend-escaper",
            "version": "2.5.1",
            "source": {
                "type": "git",
                "url": "https://github.com/zendframework/zend-escaper.git",
                "reference": "9bc5f297f7f880cc2cd89d72b286838374b4525d"
            },
            "dist": {
                "type": "zip",
                "url": "https://packages.zendframework.com/composer/zendframework-zend-escaper-2.5.1-aa62dd.zip",
                "reference": "9bc5f297f7f880cc2cd89d72b286838374b4525d",
                "shasum": "06aeeeeb2fcc813f28e8a8d6338aee0605c1dfa7"
            },
            "require": {
                "php": ">=5.3.23"
            },
            "require-dev": {
                "fabpot/php-cs-fixer": "1.7.*",
                "phpunit/phpunit": "~4.0"
            },
            "type": "library",
            "extra": {
                "branch-alias": {
                    "dev-master": "2.5-dev",
                    "dev-develop": "2.6-dev"
                }
            },
            "autoload": {
                "psr-4": {
                    "Zend\\Escaper\\": "src/"
                }
            },
            "autoload-dev": {
                "psr-4": {
                    "ZendTest\\Escaper\\": "test/"
                }
            },
            "license": [
                "BSD-3-Clause"
            ],
            "description": " ",
            "homepage": "https://github.com/zendframework/zend-escaper",
            "keywords": [
                "escaper",
                "zf2"
            ],
            "time": "2015-06-03 14:05:37"
        },
        {
            "name": "zendframework/zend-eventmanager",
            "version": "2.5.2",
            "source": {
                "type": "git",
                "url": "https://github.com/zendframework/zend-eventmanager.git",
                "reference": "cf6631ee007a39d133e9832abef14934844558ed"
            },
            "dist": {
                "type": "zip",
                "url": "https://packages.zendframework.com/composer/zendframework-zend-eventmanager-2.5.2-55ef6b.zip",
                "reference": "cf6631ee007a39d133e9832abef14934844558ed",
                "shasum": "84ab0d2402e9b46e78108923aa13eb45cfb1b012"
            },
            "require": {
                "php": ">=5.5",
                "zendframework/zend-stdlib": "~2.5"
            },
            "require-dev": {
                "fabpot/php-cs-fixer": "1.7.*",
                "phpunit/phpunit": "~4.0"
            },
            "type": "library",
            "extra": {
                "branch-alias": {
                    "dev-master": "2.5-dev",
                    "dev-develop": "2.6-dev"
                }
            },
            "autoload": {
                "psr-4": {
                    "Zend\\EventManager\\": "src/"
                }
            },
            "autoload-dev": {
                "psr-4": {
                    "ZendTest\\EventManager\\": "test/"
                }
            },
            "license": [
                "BSD-3-Clause"
            ],
            "description": " ",
            "homepage": "https://github.com/zendframework/zend-eventmanager",
            "keywords": [
                "eventmanager",
                "zf2"
            ],
            "time": "2015-07-16 19:00:49"
        },
        {
            "name": "zendframework/zend-filter",
            "version": "2.5.1",
            "source": {
                "type": "git",
                "url": "https://github.com/zendframework/zend-filter.git",
                "reference": "fb5356cdf6c44e65893abd8bb91a3d3d8d01a242"
            },
            "dist": {
                "type": "zip",
                "url": "https://packages.zendframework.com/composer/zendframework-zend-filter-2.5.1-ef39a6.zip",
                "reference": "fb5356cdf6c44e65893abd8bb91a3d3d8d01a242",
                "shasum": "0cb9ae0ad2d90ffd81c8d8c67d1389b69d3319cc"
            },
            "require": {
                "php": ">=5.3.23",
                "zendframework/zend-stdlib": "~2.5"
            },
            "require-dev": {
                "fabpot/php-cs-fixer": "1.7.*",
                "phpunit/phpunit": "~4.0",
                "zendframework/zend-config": "~2.5",
                "zendframework/zend-crypt": "~2.5",
                "zendframework/zend-i18n": "~2.5",
                "zendframework/zend-loader": "~2.5",
                "zendframework/zend-servicemanager": "~2.5",
                "zendframework/zend-uri": "~2.5"
            },
            "suggest": {
                "zendframework/zend-crypt": "Zend\\Crypt component",
                "zendframework/zend-i18n": "Zend\\I18n component",
                "zendframework/zend-servicemanager": "Zend\\ServiceManager component",
                "zendframework/zend-uri": "Zend\\Uri component for UriNormalize filter"
            },
            "type": "library",
            "extra": {
                "branch-alias": {
                    "dev-master": "2.5-dev",
                    "dev-develop": "2.6-dev"
                }
            },
            "autoload": {
                "psr-4": {
                    "Zend\\Filter\\": "src/"
                }
            },
            "autoload-dev": {
                "psr-4": {
                    "ZendTest\\Filter\\": "test/"
                }
            },
            "license": [
                "BSD-3-Clause"
            ],
            "description": "provides a set of commonly needed data filters",
            "homepage": "https://github.com/zendframework/zend-filter",
            "keywords": [
                "filter",
                "zf2"
            ],
            "time": "2015-06-03 15:32:01"
        },
        {
            "name": "zendframework/zend-http",
            "version": "2.5.3",
            "source": {
                "type": "git",
                "url": "https://github.com/zendframework/zend-http.git",
                "reference": "749d0d667d15b1255b2fe101e4250111629880d3"
            },
            "dist": {
                "type": "zip",
                "url": "https://packages.zendframework.com/composer/zendframework-zend-http-2.5.3-c07dc9.zip",
                "reference": "749d0d667d15b1255b2fe101e4250111629880d3",
                "shasum": "d44e3777d186050fe6a020819b45432ad55262c9"
            },
            "require": {
                "php": ">=5.5",
                "zendframework/zend-loader": "~2.5",
                "zendframework/zend-stdlib": "~2.5",
                "zendframework/zend-uri": "~2.5",
                "zendframework/zend-validator": "~2.5"
            },
            "require-dev": {
                "fabpot/php-cs-fixer": "1.7.*",
                "phpunit/phpunit": "~4.0",
                "zendframework/zend-config": "~2.5"
            },
            "type": "library",
            "extra": {
                "branch-alias": {
                    "dev-master": "2.5-dev",
                    "dev-develop": "2.6-dev"
                }
            },
            "autoload": {
                "psr-4": {
                    "Zend\\Http\\": "src/"
                }
            },
            "autoload-dev": {
                "psr-4": {
                    "ZendTest\\Http\\": "test/"
                }
            },
            "license": [
                "BSD-3-Clause"
            ],
            "description": "provides an easy interface for performing Hyper-Text Transfer Protocol (HTTP) requests",
            "homepage": "https://github.com/zendframework/zend-http",
            "keywords": [
                "http",
                "zf2"
            ],
            "time": "2015-09-14 15:58:07"
        },
        {
            "name": "zendframework/zend-hydrator",
            "version": "1.0.0",
            "source": {
                "type": "git",
                "url": "https://github.com/zendframework/zend-hydrator.git",
                "reference": "f3ed8b833355140350bbed98d8a7b8b66875903f"
            },
            "dist": {
                "type": "zip",
                "url": "https://api.github.com/repos/zendframework/zend-hydrator/zipball/f3ed8b833355140350bbed98d8a7b8b66875903f",
                "reference": "f3ed8b833355140350bbed98d8a7b8b66875903f",
                "shasum": ""
            },
            "require": {
                "php": ">=5.5",
                "zendframework/zend-stdlib": "^2.5.1"
            },
            "require-dev": {
                "phpunit/phpunit": "~4.0",
                "squizlabs/php_codesniffer": "^2.0@dev",
                "zendframework/zend-eventmanager": "^2.5.1",
                "zendframework/zend-filter": "^2.5.1",
                "zendframework/zend-inputfilter": "^2.5.1",
                "zendframework/zend-serializer": "^2.5.1",
                "zendframework/zend-servicemanager": "^2.5.1"
            },
            "suggest": {
                "zendframework/zend-eventmanager": "^2.5.1, to support aggregate hydrator usage",
                "zendframework/zend-filter": "^2.5.1, to support naming strategy hydrator usage",
                "zendframework/zend-serializer": "^2.5.1, to use the SerializableStrategy",
                "zendframework/zend-servicemanager": "^2.5.1, to support hydrator plugin manager usage"
            },
            "type": "library",
            "extra": {
                "branch-alias": {
                    "dev-master": "1.0-dev",
                    "dev-develop": "1.1-dev"
                }
            },
            "autoload": {
                "psr-4": {
                    "Zend\\Hydrator\\": "src/"
                }
            },
            "notification-url": "https://packagist.org/downloads/",
            "license": [
                "BSD-3-Clause"
            ],
            "homepage": "https://github.com/zendframework/zend-hydrator",
            "keywords": [
                "hydrator",
                "zf2"
            ],
            "time": "2015-09-17 14:06:43"
        },
        {
            "name": "zendframework/zend-i18n",
            "version": "2.5.1",
            "source": {
                "type": "git",
                "url": "https://github.com/zendframework/zend-i18n.git",
                "reference": "a742c0ed96e77cc3ca6b71ce0f6f66a106a97d5d"
            },
            "dist": {
                "type": "zip",
                "url": "https://packages.zendframework.com/composer/zendframework-zend-i18n-2.5.1-04cb35.zip",
                "reference": "a742c0ed96e77cc3ca6b71ce0f6f66a106a97d5d",
                "shasum": "377a134b1430b8599142b73a1c8d08361b471dfb"
            },
            "require": {
                "php": ">=5.3.23",
                "zendframework/zend-stdlib": "~2.5"
            },
            "require-dev": {
                "fabpot/php-cs-fixer": "1.7.*",
                "phpunit/phpunit": "~4.0",
                "zendframework/zend-cache": "~2.5",
                "zendframework/zend-config": "~2.5",
                "zendframework/zend-eventmanager": "~2.5",
                "zendframework/zend-filter": "~2.5",
                "zendframework/zend-servicemanager": "~2.5",
                "zendframework/zend-validator": "~2.5",
                "zendframework/zend-view": "~2.5"
            },
            "suggest": {
                "ext-intl": "Required for most features of Zend\\I18n; included in default builds of PHP",
                "zendframework/zend-cache": "Zend\\Cache component",
                "zendframework/zend-config": "Zend\\Config component",
                "zendframework/zend-eventmanager": "You should install this package to use the events in the translator",
                "zendframework/zend-filter": "You should install this package to use the provided filters",
                "zendframework/zend-resources": "Translation resources",
                "zendframework/zend-servicemanager": "Zend\\ServiceManager component",
                "zendframework/zend-validator": "You should install this package to use the provided validators",
                "zendframework/zend-view": "You should install this package to use the provided view helpers"
            },
            "type": "library",
            "extra": {
                "branch-alias": {
                    "dev-master": "2.5-dev",
                    "dev-develop": "2.6-dev"
                }
            },
            "autoload": {
                "psr-4": {
                    "Zend\\I18n\\": "src/"
                }
            },
            "autoload-dev": {
                "psr-4": {
                    "ZendTest\\I18n\\": "test/"
                }
            },
            "license": [
                "BSD-3-Clause"
            ],
            "description": " ",
            "homepage": "https://github.com/zendframework/zend-i18n",
            "keywords": [
                "i18n",
                "zf2"
            ],
            "time": "2015-06-03 15:32:01"
        },
        {
            "name": "zendframework/zend-loader",
            "version": "2.5.1",
            "source": {
                "type": "git",
                "url": "https://github.com/zendframework/zend-loader.git",
                "reference": "c632cddeb2c1216235b8777d0d8ecde173a9b283"
            },
            "dist": {
                "type": "zip",
                "url": "https://packages.zendframework.com/composer/zendframework-zend-loader-2.5.1-eda8fc.zip",
                "reference": "c632cddeb2c1216235b8777d0d8ecde173a9b283",
                "shasum": "18e4296563b12965b2a854e8e3b9f64ce38c413a"
            },
            "require": {
                "php": ">=5.3.23"
            },
            "require-dev": {
                "fabpot/php-cs-fixer": "1.7.*",
                "phpunit/phpunit": "~4.0"
            },
            "type": "library",
            "extra": {
                "branch-alias": {
                    "dev-master": "2.5-dev",
                    "dev-develop": "2.6-dev"
                }
            },
            "autoload": {
                "psr-4": {
                    "Zend\\Loader\\": "src/"
                }
            },
            "autoload-dev": {
                "psr-4": {
                    "ZendTest\\Loader\\": "test/"
                }
            },
            "license": [
                "BSD-3-Clause"
            ],
            "description": " ",
            "homepage": "https://github.com/zendframework/zend-loader",
            "keywords": [
                "loader",
                "zf2"
            ],
            "time": "2015-06-03 14:05:47"
        },
        {
            "name": "zendframework/zend-log",
            "version": "2.6.0",
            "source": {
                "type": "git",
                "url": "https://github.com/zendframework/zend-log.git",
                "reference": "926fea6a310ee69295378b28565371a32c9f4b93"
            },
            "dist": {
                "type": "zip",
                "url": "https://packages.zendframework.com/composer/zendframework-zend-log-2.6.0-826bad.zip",
                "reference": "926fea6a310ee69295378b28565371a32c9f4b93",
                "shasum": "a5b711abb03e8fd474823b6efa90ea84559c819c"
            },
            "require": {
                "php": ">=5.5",
                "psr/log": "~1.0",
                "zendframework/zend-servicemanager": "~2.5",
                "zendframework/zend-stdlib": "~2.5"
            },
            "require-dev": {
                "fabpot/php-cs-fixer": "1.7.*",
                "phpunit/phpunit": "~4.0",
                "zendframework/zend-console": "~2.5",
                "zendframework/zend-db": "~2.5",
                "zendframework/zend-escaper": "~2.5",
                "zendframework/zend-filter": "~2.5",
                "zendframework/zend-mail": "~2.5",
                "zendframework/zend-mvc": "~2.5",
                "zendframework/zend-validator": "~2.5"
            },
            "suggest": {
                "ext-mongo": "mongodb extetension to use MongoDB writer",
                "zendframework/zend-console": "Zend\\Console component to use the RequestID log processor",
                "zendframework/zend-db": "Zend\\Db component to use the database log writer",
                "zendframework/zend-escaper": "Zend\\Escaper component, for use in the XML log formatter",
                "zendframework/zend-mail": "Zend\\Mail component to use the email log writer",
                "zendframework/zend-validator": "Zend\\Validator component to block invalid log messages"
            },
            "type": "library",
            "extra": {
                "branch-alias": {
                    "dev-master": "2.6-dev",
                    "dev-develop": "2.7-dev"
                }
            },
            "autoload": {
                "psr-4": {
                    "Zend\\Log\\": "src/"
                }
            },
            "autoload-dev": {
                "psr-4": {
                    "ZendTest\\Log\\": "test/"
                }
            },
            "license": [
                "BSD-3-Clause"
            ],
            "description": "component for general purpose logging",
            "homepage": "https://github.com/zendframework/zend-log",
            "keywords": [
                "log",
                "logging",
                "zf2"
            ],
            "time": "2015-07-20 17:41:08"
        },
        {
            "name": "zendframework/zend-servicemanager",
            "version": "2.6.0",
            "source": {
                "type": "git",
                "url": "https://github.com/zendframework/zend-servicemanager.git",
                "reference": "78209738bfce496908f324f4d926a134bbe762c6"
            },
            "dist": {
                "type": "zip",
                "url": "https://packages.zendframework.com/composer/zendframework-zend-servicemanager-2.6.0-b116d4.zip",
                "reference": "78209738bfce496908f324f4d926a134bbe762c6",
                "shasum": "398df54ead271f2a789c1d0396488261e38ba467"
            },
            "require": {
                "container-interop/container-interop": "~1.0",
                "php": ">=5.5"
            },
            "require-dev": {
                "fabpot/php-cs-fixer": "1.7.*",
                "phpunit/phpunit": "~4.0",
                "zendframework/zend-di": "~2.5",
                "zendframework/zend-mvc": "~2.5"
            },
            "suggest": {
                "ocramius/proxy-manager": "ProxyManager 0.5.* to handle lazy initialization of services",
                "zendframework/zend-di": "Zend\\Di component"
            },
            "type": "library",
            "extra": {
                "branch-alias": {
                    "dev-master": "2.6-dev",
                    "dev-develop": "2.7-dev"
                }
            },
            "autoload": {
                "psr-4": {
                    "Zend\\ServiceManager\\": "src/"
                }
            },
            "autoload-dev": {
                "psr-4": {
                    "ZendTest\\ServiceManager\\": "test/"
                }
            },
            "license": [
                "BSD-3-Clause"
            ],
            "description": " ",
            "homepage": "https://github.com/zendframework/zend-servicemanager",
            "keywords": [
                "servicemanager",
                "zf2"
            ],
            "time": "2015-07-23 21:49:08"
        },
        {
            "name": "zendframework/zend-stdlib",
            "version": "2.7.4",
            "source": {
                "type": "git",
                "url": "https://github.com/zendframework/zend-stdlib.git",
                "reference": "9ef9d4d31f53418599d64ac52a564b7124d085ff"
            },
            "dist": {
                "type": "zip",
                "url": "https://packages.zendframework.com/composer/zendframework-zend-stdlib-2.7.4-1505d9.zip",
                "reference": "9ef9d4d31f53418599d64ac52a564b7124d085ff",
                "shasum": "f3d27b73b5b162849202cb3dc7dbfd255e5436b9"
            },
            "require": {
                "php": ">=5.5",
                "zendframework/zend-hydrator": "~1.0"
            },
            "require-dev": {
                "athletic/athletic": "~0.1",
                "fabpot/php-cs-fixer": "1.7.*",
                "phpunit/phpunit": "~4.0",
                "zendframework/zend-config": "~2.5",
                "zendframework/zend-eventmanager": "~2.5",
                "zendframework/zend-filter": "~2.5",
                "zendframework/zend-inputfilter": "~2.5",
                "zendframework/zend-serializer": "~2.5",
                "zendframework/zend-servicemanager": "~2.5"
            },
            "suggest": {
                "zendframework/zend-eventmanager": "To support aggregate hydrator usage",
                "zendframework/zend-filter": "To support naming strategy hydrator usage",
                "zendframework/zend-serializer": "Zend\\Serializer component",
                "zendframework/zend-servicemanager": "To support hydrator plugin manager usage"
            },
            "type": "library",
            "extra": {
                "branch-alias": {
                    "dev-master": "2.7-dev",
                    "dev-develop": "2.8-dev"
                }
            },
            "autoload": {
                "psr-4": {
                    "Zend\\Stdlib\\": "src/"
                }
            },
            "autoload-dev": {
                "psr-4": {
                    "ZendTest\\Stdlib\\": "test/",
                    "ZendBench\\Stdlib\\": "benchmark/"
                }
            },
            "license": [
                "BSD-3-Clause"
            ],
            "description": " ",
            "homepage": "https://github.com/zendframework/zend-stdlib",
            "keywords": [
                "stdlib",
                "zf2"
            ],
            "time": "2015-10-15 15:57:32"
        },
        {
            "name": "zendframework/zend-uri",
            "version": "2.5.1",
            "source": {
                "type": "git",
                "url": "https://github.com/zendframework/zend-uri.git",
                "reference": "30b4b6e77972c27ed27431e77bf64d44ce4b921f"
            },
            "dist": {
                "type": "zip",
                "url": "https://packages.zendframework.com/composer/zendframework-zend-uri-2.5.1-a3a0ef.zip",
                "reference": "30b4b6e77972c27ed27431e77bf64d44ce4b921f",
                "shasum": "289a1a95ac9b07b4896ba2c956e6d7091a7ab3e0"
            },
            "require": {
                "php": ">=5.3.23",
                "zendframework/zend-escaper": "~2.5",
                "zendframework/zend-validator": "~2.5"
            },
            "require-dev": {
                "fabpot/php-cs-fixer": "1.7.*",
                "phpunit/phpunit": "~4.0"
            },
            "type": "library",
            "extra": {
                "branch-alias": {
                    "dev-master": "2.5-dev",
                    "dev-develop": "2.6-dev"
                }
            },
            "autoload": {
                "psr-4": {
                    "Zend\\Uri\\": "src/"
                }
            },
            "autoload-dev": {
                "psr-4": {
                    "ZendTest\\Uri\\": "test/"
                }
            },
            "license": [
                "BSD-3-Clause"
            ],
            "description": "a component that aids in manipulating and validating » Uniform Resource Identifiers (URIs)",
            "homepage": "https://github.com/zendframework/zend-uri",
            "keywords": [
                "uri",
                "zf2"
            ],
            "time": "2015-06-03 15:32:03"
        },
        {
            "name": "zendframework/zend-validator",
            "version": "2.5.3",
            "source": {
                "type": "git",
                "url": "https://github.com/zendframework/zend-validator.git",
                "reference": "e95658d3ec2186f9f32d9315ae12bb6cc29892a3"
            },
            "dist": {
                "type": "zip",
                "url": "https://packages.zendframework.com/composer/zendframework-zend-validator-2.5.3-4f09da.zip",
                "reference": "e95658d3ec2186f9f32d9315ae12bb6cc29892a3",
                "shasum": "5f3db8ea80c19ada57ab85ca919f440e50b14251"
            },
            "require": {
                "php": ">=5.5",
                "zendframework/zend-stdlib": "~2.5"
            },
            "require-dev": {
                "fabpot/php-cs-fixer": "1.7.*",
                "phpunit/phpunit": "~4.0",
                "zendframework/zend-cache": "~2.5",
                "zendframework/zend-config": "~2.5",
                "zendframework/zend-db": "~2.5",
                "zendframework/zend-filter": "~2.5",
                "zendframework/zend-http": "~2.5",
                "zendframework/zend-i18n": "~2.5",
                "zendframework/zend-math": "~2.5",
                "zendframework/zend-servicemanager": "~2.5",
                "zendframework/zend-session": "~2.5",
                "zendframework/zend-uri": "~2.5"
            },
            "suggest": {
                "zendframework/zend-db": "Zend\\Db component",
                "zendframework/zend-filter": "Zend\\Filter component, required by the Digits validator",
                "zendframework/zend-i18n": "Zend\\I18n component to allow translation of validation error messages as well as to use the various Date validators",
                "zendframework/zend-i18n-resources": "Translations of validator messages",
                "zendframework/zend-math": "Zend\\Math component",
                "zendframework/zend-servicemanager": "Zend\\ServiceManager component to allow using the ValidatorPluginManager and validator chains",
                "zendframework/zend-session": "Zend\\Session component",
                "zendframework/zend-uri": "Zend\\Uri component, required by the Uri and Sitemap\\Loc validators"
            },
            "type": "library",
            "extra": {
                "branch-alias": {
                    "dev-master": "2.5-dev",
                    "dev-develop": "2.6-dev"
                }
            },
            "autoload": {
                "psr-4": {
                    "Zend\\Validator\\": "src/"
                }
            },
            "autoload-dev": {
                "psr-4": {
                    "ZendTest\\Validator\\": "test/"
                }
            },
            "license": [
                "BSD-3-Clause"
            ],
            "description": "provides a set of commonly needed validators",
            "homepage": "https://github.com/zendframework/zend-validator",
            "keywords": [
                "validator",
                "zf2"
            ],
            "time": "2015-09-03 19:06:11"
        }
    ],
    "packages-dev": [],
    "aliases": [],
    "minimum-stability": "stable",
    "stability-flags": [],
    "prefer-stable": false,
    "prefer-lowest": false,
    "platform": [],
    "platform-dev": []
}
